
Microsoft Visual Studio Solution File, Format Version 12.00
# Visual Studio Version 16
VisualStudioVersion = 16.0.31702.278
MinimumVisualStudioVersion = 10.0.40219.1
Project("{FAE04EC0-301F-11D3-BF4B-00C04F79EFBC}") = "dz 23", "dz 23\dz 23.csproj", "{D9F1E7E7-A2FF-4746-9BD5-66FE67676EA6}"
EndProject
Global
	GlobalSection(SolutionConfigurationPlatforms) = preSolution
		Debug|Any CPU = Debug|Any CPU
		Release|Any CPU = Release|Any CPU
	EndGlobalSection
	GlobalSection(ProjectConfigurationPlatforms) = postSolution
		{D9F1E7E7-A2FF-4746-9BD5-66FE67676EA6}.Debug|Any CPU.ActiveCfg = Debug|Any CPU
		{D9F1E7E7-A2FF-4746-9BD5-66FE67676EA6}.Debug|Any CPU.Build.0 = Debug|Any CPU
		{D9F1E7E7-A2FF-4746-9BD5-66FE67676EA6}.Release|Any CPU.ActiveCfg = Release|Any CPU
		{D9F1E7E7-A2FF-4746-9BD5-66FE67676EA6}.Release|Any CPU.Build.0 = Release|Any CPU
	EndGlobalSection
	GlobalSection(SolutionProperties) = preSolution
		HideSolutionNode = FALSE
	EndGlobalSection
	GlobalSection(ExtensibilityGlobals) = postSolution
		SolutionGuid = {1EBF3275-C65E-479C-BE4F-C91C18AFE13A}
	EndGlobalSection
EndGlobal
